// !$*UTF8*$!
{
	archiveVersion = 1;
	classes = {
	};
	objectVersion = 48;
	objects = {

/* Begin PBXBuildFile section */
		9A47FB901F9F1CF800F1F31C /* AppDelegate.swift in Sources */ = {isa = PBXBuildFile; fileRef = 9A47FB8F1F9F1CF800F1F31C /* AppDelegate.swift */; };
		9A47FB921F9F1CF800F1F31C /* ViewController.swift in Sources */ = {isa = PBXBuildFile; fileRef = 9A47FB911F9F1CF800F1F31C /* ViewController.swift */; };
		9A47FB951F9F1CF800F1F31C /* Main.storyboard in Resources */ = {isa = PBXBuildFile; fileRef = 9A47FB931F9F1CF800F1F31C /* Main.storyboard */; };
		9A47FB981F9F1CF800F1F31C /* Simple_Note.xcdatamodeld in Sources */ = {isa = PBXBuildFile; fileRef = 9A47FB961F9F1CF800F1F31C /* Simple_Note.xcdatamodeld */; };
		9A47FB9A1F9F1CF800F1F31C /* Assets.xcassets in Resources */ = {isa = PBXBuildFile; fileRef = 9A47FB991F9F1CF800F1F31C /* Assets.xcassets */; };
		9A47FB9D1F9F1CF800F1F31C /* LaunchScreen.storyboard in Resources */ = {isa = PBXBuildFile; fileRef = 9A47FB9B1F9F1CF800F1F31C /* LaunchScreen.storyboard */; };
		9A47FBA81F9F1CF800F1F31C /* Simple_NoteTests.swift in Sources */ = {isa = PBXBuildFile; fileRef = 9A47FBA71F9F1CF800F1F31C /* Simple_NoteTests.swift */; };
		9A47FBB31F9F1CF800F1F31C /* Simple_NoteUITests.swift in Sources */ = {isa = PBXBuildFile; fileRef = 9A47FBB21F9F1CF800F1F31C /* Simple_NoteUITests.swift */; };
		9A47FBC11F9F1FF200F1F31C /* NoteTableViewController.swift in Sources */ = {isa = PBXBuildFile; fileRef = 9A47FBC01F9F1FF200F1F31C /* NoteTableViewController.swift */; };
		9A47FBC31F9F202400F1F31C /* AddTaskViewController.swift in Sources */ = {isa = PBXBuildFile; fileRef = 9A47FBC21F9F202400F1F31C /* AddTaskViewController.swift */; };
/* End PBXBuildFile section */

/* Begin PBXContainerItemProxy section */
		9A47FBA41F9F1CF800F1F31C /* PBXContainerItemProxy */ = {
			isa = PBXContainerItemProxy;
			containerPortal = 9A47FB841F9F1CF700F1F31C /* Project object */;
			proxyType = 1;
			remoteGlobalIDString = 9A47FB8B1F9F1CF700F1F31C;
			remoteInfo = "Simple Note";
		};
		9A47FBAF1F9F1CF800F1F31C /* PBXContainerItemProxy */ = {
			isa = PBXContainerItemProxy;
			containerPortal = 9A47FB841F9F1CF700F1F31C /* Project object */;
			proxyType = 1;
			remoteGlobalIDString = 9A47FB8B1F9F1CF700F1F31C;
			remoteInfo = "Simple Note";
		};
/* End PBXContainerItemProxy section */

/* Begin PBXFileReference section */
		9A47FB8C1F9F1CF700F1F31C /* Simple Note.app */ = {isa = PBXFileReference; explicitFileType = wrapper.application; includeInIndex = 0; path = "Simple Note.app"; sourceTree = BUILT_PRODUCTS_DIR; };
		9A47FB8F1F9F1CF800F1F31C /* AppDelegate.swift */ = {isa = PBXFileReference; lastKnownFileType = sourcecode.swift; path = AppDelegate.swift; sourceTree = "<group>"; };
		9A47FB911F9F1CF800F1F31C /* ViewController.swift */ = {isa = PBXFileReference; lastKnownFileType = sourcecode.swift; path = ViewController.swift; sourceTree = "<group>"; };
		9A47FB941F9F1CF800F1F31C /* Base */ = {isa = PBXFileReference; lastKnownFileType = file.storyboard; name = Base; path = Base.lproj/Main.storyboard; sourceTree = "<group>"; };
		9A47FB971F9F1CF800F1F31C /* Simple_Note.xcdatamodel */ = {isa = PBXFileReference; lastKnownFileType = wrapper.xcdatamodel; path = Simple_Note.xcdatamodel; sourceTree = "<group>"; };
		9A47FB991F9F1CF800F1F31C /* Assets.xcassets */ = {isa = PBXFileReference; lastKnownFileType = folder.assetcatalog; path = Assets.xcassets; sourceTree = "<group>"; };
		9A47FB9C1F9F1CF800F1F31C /* Base */ = {isa = PBXFileReference; lastKnownFileType = file.storyboard; name = Base; path = Base.lproj/LaunchScreen.storyboard; sourceTree = "<group>"; };
		9A47FB9E1F9F1CF800F1F31C /* Info.plist */ = {isa = PBXFileReference; lastKnownFileType = text.plist.xml; path = Info.plist; sourceTree = "<group>"; };
		9A47FBA31F9F1CF800F1F31C /* Simple NoteTests.xctest */ = {isa = PBXFileReference; explicitFileType = wrapper.cfbundle; includeInIndex = 0; path = "Simple NoteTests.xctest"; sourceTree = BUILT_PRODUCTS_DIR; };
		9A47FBA71F9F1CF800F1F31C /* Simple_NoteTests.swift */ = {isa = PBXFileReference; lastKnownFileType = sourcecode.swift; path = Simple_NoteTests.swift; sourceTree = "<group>"; };
		9A47FBA91F9F1CF800F1F31C /* Info.plist */ = {isa = PBXFileReference; lastKnownFileType = text.plist.xml; path = Info.plist; sourceTree = "<group>"; };
		9A47FBAE1F9F1CF800F1F31C /* Simple NoteUITests.xctest */ = {isa = PBXFileReference; explicitFileType = wrapper.cfbundle; includeInIndex = 0; path = "Simple NoteUITests.xctest"; sourceTree = BUILT_PRODUCTS_DIR; };
		9A47FBB21F9F1CF800F1F31C /* Simple_NoteUITests.swift */ = {isa = PBXFileReference; lastKnownFileType = sourcecode.swift; path = Simple_NoteUITests.swift; sourceTree = "<group>"; };
		9A47FBB41F9F1CF800F1F31C /* Info.plist */ = {isa = PBXFileReference; lastKnownFileType = text.plist.xml; path = Info.plist; sourceTree = "<group>"; };
		9A47FBC01F9F1FF200F1F31C /* NoteTableViewController.swift */ = {isa = PBXFileReference; lastKnownFileType = sourcecode.swift; path = NoteTableViewController.swift; sourceTree = "<group>"; };
		9A47FBC21F9F202400F1F31C /* AddTaskViewController.swift */ = {isa = PBXFileReference; lastKnownFileType = sourcecode.swift; path = AddTaskViewController.swift; sourceTree = "<group>"; };
/* End PBXFileReference section */

/* Begin PBXFrameworksBuildPhase section */
		9A47FB891F9F1CF700F1F31C /* Frameworks */ = {
			isa = PBXFrameworksBuildPhase;
			buildActionMask = 2147483647;
			files = (
			);
			runOnlyForDeploymentPostprocessing = 0;
		};
		9A47FBA01F9F1CF800F1F31C /* Frameworks */ = {
			isa = PBXFrameworksBuildPhase;
			buildActionMask = 2147483647;
			files = (
			);
			runOnlyForDeploymentPostprocessing = 0;
		};
		9A47FBAB1F9F1CF800F1F31C /* Frameworks */ = {
			isa = PBXFrameworksBuildPhase;
			buildActionMask = 2147483647;
			files = (
			);
			runOnlyForDeploymentPostprocessing = 0;
		};
/* End PBXFrameworksBuildPhase section */

/* Begin PBXGroup section */
		9A47FB831F9F1CF700F1F31C = {
			isa = PBXGroup;
			children = (
				9A47FB8E1F9F1CF800F1F31C /* Simple Note */,
				9A47FBA61F9F1CF800F1F31C /* Simple NoteTests */,
				9A47FBB11F9F1CF800F1F31C /* Simple NoteUITests */,
				9A47FB8D1F9F1CF700F1F31C /* Products */,
			);
			sourceTree = "<group>";
		};
		9A47FB8D1F9F1CF700F1F31C /* Products */ = {
			isa = PBXGroup;
			children = (
				9A47FB8C1F9F1CF700F1F31C /* Simple Note.app */,
				9A47FBA31F9F1CF800F1F31C /* Simple NoteTests.xctest */,
				9A47FBAE1F9F1CF800F1F31C /* Simple NoteUITests.xctest */,
			);
			name = Products;
			sourceTree = "<group>";
		};
		9A47FB8E1F9F1CF800F1F31C /* Simple Note */ = {
			isa = PBXGroup;
			children = (
				9A47FB8F1F9F1CF800F1F31C /* AppDelegate.swift */,
				9A47FB911F9F1CF800F1F31C /* ViewController.swift */,
				9A47FB931F9F1CF800F1F31C /* Main.storyboard */,
				9A47FB991F9F1CF800F1F31C /* Assets.xcassets */,
				9A47FB9B1F9F1CF800F1F31C /* LaunchScreen.storyboard */,
				9A47FB9E1F9F1CF800F1F31C /* Info.plist */,
				9A47FB961F9F1CF800F1F31C /* Simple_Note.xcdatamodeld */,
				9A47FBC01F9F1FF200F1F31C /* NoteTableViewController.swift */,
				9A47FBC21F9F202400F1F31C /* AddTaskViewController.swift */,
			);
			path = "Simple Note";
			sourceTree = "<group>";
		};
		9A47FBA61F9F1CF800F1F31C /* Simple NoteTests */ = {
			isa = PBXGroup;
			children = (
				9A47FBA71F9F1CF800F1F31C /* Simple_NoteTests.swift */,
				9A47FBA91F9F1CF800F1F31C /* Info.plist */,
			);
			path = "Simple NoteTests";
			sourceTree = "<group>";
		};
		9A47FBB11F9F1CF800F1F31C /* Simple NoteUITests */ = {
			isa = PBXGroup;
			children = (
				9A47FBB21F9F1CF800F1F31C /* Simple_NoteUITests.swift */,
				9A47FBB41F9F1CF800F1F31C /* Info.plist */,
			);
			path = "Simple NoteUITests";
			sourceTree = "<group>";
		};
/* End PBXGroup section */

/* Begin PBXNativeTarget section */
		9A47FB8B1F9F1CF700F1F31C /* Simple Note */ = {
			isa = PBXNativeTarget;
			buildConfigurationList = 9A47FBB71F9F1CF800F1F31C /* Build configuration list for PBXNativeTarget "Simple Note" */;
			buildPhases = (
				9A47FB881F9F1CF700F1F31C /* Sources */,
				9A47FB891F9F1CF700F1F31C /* Frameworks */,
				9A47FB8A1F9F1CF700F1F31C /* Resources */,
			);
			buildRules = (
			);
			dependencies = (
			);
			name = "Simple Note";
			productName = "Simple Note";
			productReference = 9A47FB8C1F9F1CF700F1F31C /* Simple Note.app */;
			productType = "com.apple.product-type.application";
		};
		9A47FBA21F9F1CF800F1F31C /* Simple NoteTests */ = {
			isa = PBXNativeTarget;
			buildConfigurationList = 9A47FBBA1F9F1CF800F1F31C /* Build configuration list for PBXNativeTarget "Simple NoteTests" */;
			buildPhases = (
				9A47FB9F1F9F1CF800F1F31C /* Sources */,
				9A47FBA01F9F1CF800F1F31C /* Frameworks */,
				9A47FBA11F9F1CF800F1F31C /* Resources */,
			);
			buildRules = (
			);
			dependencies = (
				9A47FBA51F9F1CF800F1F31C /* PBXTargetDependency */,
			);
			name = "Simple NoteTests";
			productName = "Simple NoteTests";
			productReference = 9A47FBA31F9F1CF800F1F31C /* Simple NoteTests.xctest */;
			productType = "com.apple.product-type.bundle.unit-test";
		};
		9A47FBAD1F9F1CF800F1F31C /* Simple NoteUITests */ = {
			isa = PBXNativeTarget;
			buildConfigurationList = 9A47FBBD1F9F1CF800F1F31C /* Build configuration list for PBXNativeTarget "Simple NoteUITests" */;
			buildPhases = (
				9A47FBAA1F9F1CF800F1F31C /* Sources */,
				9A47FBAB1F9F1CF800F1F31C /* Frameworks */,
				9A47FBAC1F9F1CF800F1F31C /* Resources */,
			);
			buildRules = (
			);
			dependencies = (
				9A47FBB01F9F1CF800F1F31C /* PBXTargetDependency */,
			);
			name = "Simple NoteUITests";
			productName = "Simple NoteUITests";
			productReference = 9A47FBAE1F9F1CF800F1F31C /* Simple NoteUITests.xctest */;
			productType = "com.apple.product-type.bundle.ui-testing";
		};
/* End PBXNativeTarget section */

/* Begin PBXProject section */
		9A47FB841F9F1CF700F1F31C /* Project object */ = {
			isa = PBXProject;
			attributes = {
				LastSwiftUpdateCheck = 0900;
				LastUpgradeCheck = 0900;
				ORGANIZATIONNAME = "Rizki Syaputra";
				TargetAttributes = {
					9A47FB8B1F9F1CF700F1F31C = {
						CreatedOnToolsVersion = 9.0.1;
						ProvisioningStyle = Automatic;
					};
					9A47FBA21F9F1CF800F1F31C = {
						CreatedOnToolsVersion = 9.0.1;
						ProvisioningStyle = Automatic;
						TestTargetID = 9A47FB8B1F9F1CF700F1F31C;
					};
					9A47FBAD1F9F1CF800F1F31C = {
						CreatedOnToolsVersion = 9.0.1;
						ProvisioningStyle = Automatic;
						TestTargetID = 9A47FB8B1F9F1CF700F1F31C;
					};
				};
			};
			buildConfigurationList = 9A47FB871F9F1CF700F1F31C /* Build configuration list for PBXProject "Simple Note" */;
			compatibilityVersion = "Xcode 8.0";
			developmentRegion = en;
			hasScannedForEncodings = 0;
			knownRegions = (
				en,
				Base,
			);
			mainGroup = 9A47FB831F9F1CF700F1F31C;
			productRefGroup = 9A47FB8D1F9F1CF700F1F31C /* Products */;
			projectDirPath = "";
			projectRoot = "";
			targets = (
				9A47FB8B1F9F1CF700F1F31C /* Simple Note */,
				9A47FBA21F9F1CF800F1F31C /* Simple NoteTests */,
				9A47FBAD1F9F1CF800F1F31C /* Simple NoteUITests */,
			);
		};
/* End PBXProject section */

/* Begin PBXResourcesBuildPhase section */
		9A47FB8A1F9F1CF700F1F31C /* Resources */ = {
			isa = PBXResourcesBuildPhase;
			buildActionMask = 2147483647;
			files = (
				9A47FB9D1F9F1CF800F1F31C /* LaunchScreen.storyboard in Resources */,
				9A47FB9A1F9F1CF800F1F31C /* Assets.xcassets in Resources */,
				9A47FB951F9F1CF800F1F31C /* Main.storyboard in Resources */,
			);
			runOnlyForDeploymentPostprocessing = 0;
		};
		9A47FBA11F9F1CF800F1F31C /* Resources */ = {
			isa = PBXResourcesBuildPhase;
			buildActionMask = 2147483647;
			files = (
			);
			runOnlyForDeploymentPostprocessing = 0;
		};
		9A47FBAC1F9F1CF800F1F31C /* Resources */ = {
			isa = PBXResourcesBuildPhase;
			buildActionMask = 2147483647;
			files = (
			);
			runOnlyForDeploymentPostprocessing = 0;
		};
/* End PBXResourcesBuildPhase section */

/* Begin PBXSourcesBuildPhase section */
		9A47FB881F9F1CF700F1F31C /* Sources */ = {
			isa = PBXSourcesBuildPhase;
			buildActionMask = 2147483647;
			files = (
				9A47FB921F9F1CF800F1F31C /* ViewController.swift in Sources */,
				9A47FBC11F9F1FF200F1F31C /* NoteTableViewController.swift in Sources */,
				9A47FB901F9F1CF800F1F31C /* AppDelegate.swift in Sources */,
				9A47FB981F9F1CF800F1F31C /* Simple_Note.xcdatamodeld in Sources */,
				9A47FBC31F9F202400F1F31C /* AddTaskViewController.swift in Sources */,
			);
			runOnlyForDeploymentPostprocessing = 0;
		};
		9A47FB9F1F9F1CF800F1F31C /* Sources */ = {
			isa = PBXSourcesBuildPhase;
			buildActionMask = 2147483647;
			files = (
				9A47FBA81F9F1CF800F1F31C /* Simple_NoteTests.swift in Sources */,
			);
			runOnlyForDeploymentPostprocessing = 0;
		};
		9A47FBAA1F9F1CF800F1F31C /* Sources */ = {
			isa = PBXSourcesBuildPhase;
			buildActionMask = 2147483647;
			files = (
				9A47FBB31F9F1CF800F1F31C /* Simple_NoteUITests.swift in Sources */,
			);
			runOnlyForDeploymentPostprocessing = 0;
		};
/* End PBXSourcesBuildPhase section */

/* Begin PBXTargetDependency section */
		9A47FBA51F9F1CF800F1F31C /* PBXTargetDependency */ = {
			isa = PBXTargetDependency;
			target = 9A47FB8B1F9F1CF700F1F31C /* Simple Note */;
			targetProxy = 9A47FBA41F9F1CF800F1F31C /* PBXContainerItemProxy */;
		};
		9A47FBB01F9F1CF800F1F31C /* PBXTargetDependency */ = {
			isa = PBXTargetDependency;
			target = 9A47FB8B1F9F1CF700F1F31C /* Simple Note */;
			targetProxy = 9A47FBAF1F9F1CF800F1F31C /* PBXContainerItemProxy */;
		};
/* End PBXTargetDependency section */

/* Begin PBXVariantGroup section */
		9A47FB931F9F1CF800F1F31C /* Main.storyboard */ = {
			isa = PBXVariantGroup;
			children = (
				9A47FB941F9F1CF800F1F31C /* Base */,
			);
			name = Main.storyboard;
			sourceTree = "<group>";
		};
		9A47FB9B1F9F1CF800F1F31C /* LaunchScreen.storyboard */ = {
			isa = PBXVariantGroup;
			children = (
				9A47FB9C1F9F1CF800F1F31C /* Base */,
			);
			name = LaunchScreen.storyboard;
			sourceTree = "<group>";
		};
/* End PBXVariantGroup section */

/* Begin XCBuildConfiguration section */
		9A47FBB51F9F1CF800F1F31C /* Debug */ = {
			isa = XCBuildConfiguration;
			buildSettings = {
				ALWAYS_SEARCH_USER_PATHS = NO;
				CLANG_ANALYZER_NONNULL = YES;
				CLANG_ANALYZER_NUMBER_OBJECT_CONVERSION = YES_AGGRESSIVE;
				CLANG_CXX_LANGUAGE_STANDARD = "gnu++14";
				CLANG_CXX_LIBRARY = "libc++";
				CLANG_ENABLE_MODULES = YES;
				CLANG_ENABLE_OBJC_ARC = YES;
				CLANG_WARN_BLOCK_CAPTURE_AUTORELEASING = YES;
				CLANG_WARN_BOOL_CONVERSION = YES;
				CLANG_WARN_COMMA = YES;
				CLANG_WARN_CONSTANT_CONVERSION = YES;
				CLANG_WARN_DIRECT_OBJC_ISA_USAGE = YES_ERROR;
				CLANG_WARN_DOCUMENTATION_COMMENTS = YES;
				CLANG_WARN_EMPTY_BODY = YES;
				CLANG_WARN_ENUM_CONVERSION = YES;
				CLANG_WARN_INFINITE_RECURSION = YES;
				CLANG_WARN_INT_CONVERSION = YES;
				CLANG_WARN_NON_LITERAL_NULL_CONVERSION = YES;
				CLANG_WARN_OBJC_LITERAL_CONVERSION = YES;
				CLANG_WARN_OBJC_ROOT_CLASS = YES_ERROR;
				CLANG_WARN_RANGE_LOOP_ANALYSIS = YES;
				CLANG_WARN_STRICT_PROTOTYPES = YES;
				CLANG_WARN_SUSPICIOUS_MOVE = YES;
				CLANG_WARN_UNGUARDED_AVAILABILITY = YES_AGGRESSIVE;
				CLANG_WARN_UNREACHABLE_CODE = YES;
				CLANG_WARN__DUPLICATE_METHOD_MATCH = YES;
				CODE_SIGN_IDENTITY = "iPhone Developer";
				COPY_PHASE_STRIP = NO;
				DEBUG_INFORMATION_FORMAT = dwarf;
				ENABLE_STRICT_OBJC_MSGSEND = YES;
				ENABLE_TESTABILITY = YES;
				GCC_C_LANGUAGE_STANDARD = gnu11;
				GCC_DYNAMIC_NO_PIC = NO;
				GCC_NO_COMMON_BLOCKS = YES;
				GCC_OPTIMIZATION_LEVEL = 0;
				GCC_PREPROCESSOR_DEFINITIONS = (
					"DEBUG=1",
					"$(inherited)",
				);
				GCC_WARN_64_TO_32_BIT_CONVERSION = YES;
				GCC_WARN_ABOUT_RETURN_TYPE = YES_ERROR;
				GCC_WARN_UNDECLARED_SELECTOR = YES;
				GCC_WARN_UNINITIALIZED_AUTOS = YES_AGGRESSIVE;
				GCC_WARN_UNUSED_FUNCTION = YES;
				GCC_WARN_UNUSED_VARIABLE = YES;
				IPHONEOS_DEPLOYMENT_TARGET = 11.0;
				MTL_ENABLE_DEBUG_INFO = YES;
				ONLY_ACTIVE_ARCH = YES;
				SDKROOT = iphoneos;
				SWIFT_ACTIVE_COMPILATION_CONDITIONS = DEBUG;
				SWIFT_OPTIMIZATION_LEVEL = "-Onone";
			};
			name = Debug;
		};
		9A47FBB61F9F1CF800F1F31C /* Release */ = {
			isa = XCBuildConfiguration;
			buildSettings = {
				ALWAYS_SEARCH_USER_PATHS = NO;
				CLANG_ANALYZER_NONNULL = YES;
				CLANG_ANALYZER_NUMBER_OBJECT_CONVERSION = YES_AGGRESSIVE;
				CLANG_CXX_LANGUAGE_STANDARD = "gnu++14";
				CLANG_CXX_LIBRARY = "libc++";
				CLANG_ENABLE_MODULES = YES;
				CLANG_ENABLE_OBJC_ARC = YES;
				CLANG_WARN_BLOCK_CAPTURE_AUTORELEASING = YES;
				CLANG_WARN_BOOL_CONVERSION = YES;
				CLANG_WARN_COMMA = YES;
				CLANG_WARN_CONSTANT_CONVERSION = YES;
				CLANG_WARN_DIRECT_OBJC_ISA_USAGE = YES_ERROR;
				CLANG_WARN_DOCUMENTATION_COMMENTS = YES;
				CLANG_WARN_EMPTY_BODY = YES;
				CLANG_WARN_ENUM_CONVERSION = YES;
				CLANG_WARN_INFINITE_RECURSION = YES;
				CLANG_WARN_INT_CONVERSION = YES;
				CLANG_WARN_NON_LITERAL_NULL_CONVERSION = YES;
				CLANG_WARN_OBJC_LITERAL_CONVERSION = YES;
				CLANG_WARN_OBJC_ROOT_CLASS = YES_ERROR;
				CLANG_WARN_RANGE_LOOP_ANALYSIS = YES;
				CLANG_WARN_STRICT_PROTOTYPES = YES;
				CLANG_WARN_SUSPICIOUS_MOVE = YES;
				CLANG_WARN_UNGUARDED_AVAILABILITY = YES_AGGRESSIVE;
				CLANG_WARN_UNREACHABLE_CODE = YES;
				CLANG_WARN__DUPLICATE_METHOD_MATCH = YES;
				CODE_SIGN_IDENTITY = "iPhone Developer";
				COPY_PHASE_STRIP = NO;
				DEBUG_INFORMATION_FORMAT = "dwarf-with-dsym";
				ENABLE_NS_ASSERTIONS = NO;
				ENABLE_STRICT_OBJC_MSGSEND = YES;
				GCC_C_LANGUAGE_STANDARD = gnu11;
				GCC_NO_COMMON_BLOCKS = YES;
				GCC_WARN_64_TO_32_BIT_CONVERSION = YES;
				GCC_WARN_ABOUT_RETURN_TYPE = YES_ERROR;
				GCC_WARN_UNDECLARED_SELECTOR = YES;
				GCC_WARN_UNINITIALIZED_AUTOS = YES_AGGRESSIVE;
				GCC_WARN_UNUSED_FUNCTION = YES;
				GCC_WARN_UNUSED_VARIABLE = YES;
				IPHONEOS_DEPLOYMENT_TARGET = 11.0;
				MTL_ENABLE_DEBUG_INFO = NO;
				SDKROOT = iphoneos;
				SWIFT_OPTIMIZATION_LEVEL = "-Owholemodule";
				VALIDATE_PRODUCT = YES;
			};
			name = Release;
		};
		9A47FBB81F9F1CF800F1F31C /* Debug */ = {
			isa = XCBuildConfiguration;
			buildSettings = {
				ASSETCATALOG_COMPILER_APPICON_NAME = AppIcon;
				CODE_SIGN_STYLE = Automatic;
				DEVELOPMENT_TEAM = QN236W67X5;
				INFOPLIST_FILE = "Simple Note/Info.plist";
				LD_RUNPATH_SEARCH_PATHS = "$(inherited) @executable_path/Frameworks";
				PRODUCT_BUNDLE_IDENTIFIER = "programmermuslim.Simple-Note";
				PRODUCT_NAME = "$(TARGET_NAME)";
				SWIFT_VERSION = 4.0;
				TARGETED_DEVICE_FAMILY = "1,2";
			};
			name = Debug;
		};
		9A47FBB91F9F1CF800F1F31C /* Release */ = {
			isa = XCBuildConfiguration;
			buildSettings = {
				ASSETCATALOG_COMPILER_APPICON_NAME = AppIcon;
				CODE_SIGN_STYLE = Automatic;
				DEVELOPMENT_TEAM = QN236W67X5;
				INFOPLIST_FILE = "Simple Note/Info.plist";
				LD_RUNPATH_SEARCH_PATHS = "$(inherited) @executable_path/Frameworks";
				PRODUCT_BUNDLE_IDENTIFIER = "programmermuslim.Simple-Note";
				PRODUCT_NAME = "$(TARGET_NAME)";
				SWIFT_VERSION = 4.0;
				TARGETED_DEVICE_FAMILY = "1,2";
			};
			name = Release;
		};
		9A47FBBB1F9F1CF800F1F31C /* Debug */ = {
			isa = XCBuildConfiguration;
			buildSettings = {
				ALWAYS_EMBED_SWIFT_STANDARD_LIBRARIES = YES;
				BUNDLE_LOADER = "$(TEST_HOST)";
				CODE_SIGN_STYLE = Automatic;
				DEVELOPMENT_TEAM = QN236W67X5;
				INFOPLIST_FILE = "Simple NoteTests/Info.plist";
				LD_RUNPATH_SEARCH_PATHS = "$(inherited) @executable_path/Frameworks @loader_path/Frameworks";
				PRODUCT_BUNDLE_IDENTIFIER = "programmermuslim.Simple-NoteTests";
				PRODUCT_NAME = "$(TARGET_NAME)";
				SWIFT_VERSION = 4.0;
				TARGETED_DEVICE_FAMILY = "1,2";
				TEST_HOST = "$(BUILT_PRODUCTS_DIR)/Simple Note.app/Simple Note";
			};
			name = Debug;
		};
		9A47FBBC1F9F1CF800F1F31C /* Release */ = {
			isa = XCBuildConfiguration;
			buildSettings = {
				ALWAYS_EMBED_SWIFT_STANDARD_LIBRARIES = YES;
				BUNDLE_LOADER = "$(TEST_HOST)";
				CODE_SIGN_STYLE = Automatic;
				DEVELOPMENT_TEAM = QN236W67X5;
				INFOPLIST_FILE = "Simple NoteTests/Info.plist";
				LD_RUNPATH_SEARCH_PATHS = "$(inherited) @executable_path/Frameworks @loader_path/Frameworks";
				PRODUCT_BUNDLE_IDENTIFIER = "programmermuslim.Simple-NoteTests";
				PRODUCT_NAME = "$(TARGET_NAME)";
				SWIFT_VERSION = 4.0;
				TARGETED_DEVICE_FAMILY = "1,2";
				TEST_HOST = "$(BUILT_PRODUCTS_DIR)/Simple Note.app/Simple Note";
			};
			name = Release;
		};
		9A47FBBE1F9F1CF800F1F31C /* Debug */ = {
			isa = XCBuildConfiguration;
			buildSettings = {
				ALWAYS_EMBED_SWIFT_STANDARD_LIBRARIES = YES;
				CODE_SIGN_STYLE = Automatic;
				DEVELOPMENT_TEAM = QN236W67X5;
				INFOPLIST_FILE = "Simple NoteUITests/Info.plist";
				LD_RUNPATH_SEARCH_PATHS = "$(inherited) @executable_path/Frameworks @loader_path/Frameworks";
				PRODUCT_BUNDLE_IDENTIFIER = "programmermuslim.Simple-NoteUITests";
				PRODUCT_NAME = "$(TARGET_NAME)";
				SWIFT_VERSION = 4.0;
				TARGETED_DEVICE_FAMILY = "1,2";
				TEST_TARGET_NAME = "Simple Note";
			};
			name = Debug;
		};
		9A47FBBF1F9F1CF800F1F31C /* Release */ = {
			isa = XCBuildConfiguration;
			buildSettings = {
				ALWAYS_EMBED_SWIFT_STANDARD_LIBRARIES = YES;
				CODE_SIGN_STYLE = Automatic;
				DEVELOPMENT_TEAM = QN236W67X5;
				INFOPLIST_FILE = "Simple NoteUITests/Info.plist";
				LD_RUNPATH_SEARCH_PATHS = "$(inherited) @executable_path/Frameworks @loader_path/Frameworks";
				PRODUCT_BUNDLE_IDENTIFIER = "programmermuslim.Simple-NoteUITests";
				PRODUCT_NAME = "$(TARGET_NAME)";
				SWIFT_VERSION = 4.0;
				TARGETED_DEVICE_FAMILY = "1,2";
				TEST_TARGET_NAME = "Simple Note";
			};
			name = Release;
		};
/* End XCBuildConfiguration section */

/* Begin XCConfigurationList section */
		9A47FB871F9F1CF700F1F31C /* Build configuration list for PBXProject "Simple Note" */ = {
			isa = XCConfigurationList;
			buildConfigurations = (
				9A47FBB51F9F1CF800F1F31C /* Debug */,
				9A47FBB61F9F1CF800F1F31C /* Release */,
			);
			defaultConfigurationIsVisible = 0;
			defaultConfigurationName = Release;
		};
		9A47FBB71F9F1CF800F1F31C /* Build configuration list for PBXNativeTarget "Simple Note" */ = {
			isa = XCConfigurationList;
			buildConfigurations = (
				9A47FBB81F9F1CF800F1F31C /* Debug */,
				9A47FBB91F9F1CF800F1F31C /* Release */,
			);
			defaultConfigurationIsVisible = 0;
			defaultConfigurationName = Release;
		};
		9A47FBBA1F9F1CF800F1F31C /* Build configuration list for PBXNativeTarget "Simple NoteTests" */ = {
			isa = XCConfigurationList;
			buildConfigurations = (
				9A47FBBB1F9F1CF800F1F31C /* Debug */,
				9A47FBBC1F9F1CF800F1F31C /* Release */,
			);
			defaultConfigurationIsVisible = 0;
			defaultConfigurationName = Release;
		};
		9A47FBBD1F9F1CF800F1F31C /* Build configuration list for PBXNativeTarget "Simple NoteUITests" */ = {
			isa = XCConfigurationList;
			buildConfigurations = (
				9A47FBBE1F9F1CF800F1F31C /* Debug */,
				9A47FBBF1F9F1CF800F1F31C /* Release */,
			);
			defaultConfigurationIsVisible = 0;
			defaultConfigurationName = Release;
		};
/* End XCConfigurationList section */

/* Begin XCVersionGroup section */
		9A47FB961F9F1CF800F1F31C /* Simple_Note.xcdatamodeld */ = {
			isa = XCVersionGroup;
			children = (
				9A47FB971F9F1CF800F1F31C /* Simple_Note.xcdatamodel */,
			);
			currentVersion = 9A47FB971F9F1CF800F1F31C /* Simple_Note.xcdatamodel */;
			path = Simple_Note.xcdatamodeld;
			sourceTree = "<group>";
			versionGroupType = wrapper.xcdatamodel;
		};
/* End XCVersionGroup section */
	};
	rootObject = 9A47FB841F9F1CF700F1F31C /* Project object */;
}
